
Microsoft Visual Studio Solution File, Format Version 12.00
# Visual Studio 2012
Project("{FAE04EC0-301F-11D3-BF4B-00C04F79EFBC}") = "All Docs", "All Docs\All Docs.csproj", "{08DCA20D-F1EE-4BFA-99EA-E5296690389E}"
EndProject
Global
	GlobalSection(SolutionConfigurationPlatforms) = preSolution
		Debug|Any CPU = Debug|Any CPU
		Debug|ARM = Debug|ARM
		Debug|x64 = Debug|x64
		Debug|x86 = Debug|x86
		Release|Any CPU = Release|Any CPU
		Release|ARM = Release|ARM
		Release|x64 = Release|x64
		Release|x86 = Release|x86
	EndGlobalSection
	GlobalSection(ProjectConfigurationPlatforms) = postSolution
		{08DCA20D-F1EE-4BFA-99EA-E5296690389E}.Debug|Any CPU.ActiveCfg = Debug|Any CPU
		{08DCA20D-F1EE-4BFA-99EA-E5296690389E}.Debug|Any CPU.Build.0 = Debug|Any CPU
		{08DCA20D-F1EE-4BFA-99EA-E5296690389E}.Debug|Any CPU.Deploy.0 = Debug|Any CPU
		{08DCA20D-F1EE-4BFA-99EA-E5296690389E}.Debug|ARM.ActiveCfg = Debug|ARM
		{08DCA20D-F1EE-4BFA-99EA-E5296690389E}.Debug|ARM.Build.0 = Debug|ARM
		{08DCA20D-F1EE-4BFA-99EA-E5296690389E}.Debug|ARM.Deploy.0 = Debug|ARM
		{08DCA20D-F1EE-4BFA-99EA-E5296690389E}.Debug|x64.ActiveCfg = Debug|x64
		{08DCA20D-F1EE-4BFA-99EA-E5296690389E}.Debug|x64.Build.0 = Debug|x64
		{08DCA20D-F1EE-4BFA-99EA-E5296690389E}.Debug|x64.Deploy.0 = Debug|x64
		{08DCA20D-F1EE-4BFA-99EA-E5296690389E}.Debug|x86.ActiveCfg = Debug|x86
		{08DCA20D-F1EE-4BFA-99EA-E5296690389E}.Debug|x86.Build.0 = Debug|x86
		{08DCA20D-F1EE-4BFA-99EA-E5296690389E}.Debug|x86.Deploy.0 = Debug|x86
		{08DCA20D-F1EE-4BFA-99EA-E5296690389E}.Release|Any CPU.ActiveCfg = Release|Any CPU
		{08DCA20D-F1EE-4BFA-99EA-E5296690389E}.Release|Any CPU.Build.0 = Release|Any CPU
		{08DCA20D-F1EE-4BFA-99EA-E5296690389E}.Release|Any CPU.Deploy.0 = Release|Any CPU
		{08DCA20D-F1EE-4BFA-99EA-E5296690389E}.Release|ARM.ActiveCfg = Release|ARM
		{08DCA20D-F1EE-4BFA-99EA-E5296690389E}.Release|ARM.Build.0 = Release|ARM
		{08DCA20D-F1EE-4BFA-99EA-E5296690389E}.Release|ARM.Deploy.0 = Release|ARM
		{08DCA20D-F1EE-4BFA-99EA-E5296690389E}.Release|x64.ActiveCfg = Release|x64
		{08DCA20D-F1EE-4BFA-99EA-E5296690389E}.Release|x64.Build.0 = Release|x64
		{08DCA20D-F1EE-4BFA-99EA-E5296690389E}.Release|x64.Deploy.0 = Release|x64
		{08DCA20D-F1EE-4BFA-99EA-E5296690389E}.Release|x86.ActiveCfg = Release|x86
		{08DCA20D-F1EE-4BFA-99EA-E5296690389E}.Release|x86.Build.0 = Release|x86
		{08DCA20D-F1EE-4BFA-99EA-E5296690389E}.Release|x86.Deploy.0 = Release|x86
	EndGlobalSection
	GlobalSection(SolutionProperties) = preSolution
		HideSolutionNode = FALSE
	EndGlobalSection
EndGlobal
